
Microsoft Visual Studio Solution File, Format Version 12.00
# Visual Studio Version 16
VisualStudioVersion = 16.0.32510.428
MinimumVisualStudioVersion = 10.0.40219.1
Project("{9A19103F-16F7-4668-BE54-9A1E7A4F7556}") = "HMPopup", "HMPopup\HMPopup\HMPopup.csproj", "{3A2FD9A0-27C6-44C7-ADAF-F1E29735B148}"
EndProject
Project("{FAE04EC0-301F-11D3-BF4B-00C04F79EFBC}") = "HMPopupSample.Android", "HMPopupSample\HMPopupSample.Android\HMPopupSample.Android.csproj", "{B92371B7-83AF-4F7F-9CC8-FF471D66D2DB}"
EndProject
Project("{FAE04EC0-301F-11D3-BF4B-00C04F79EFBC}") = "HMPopupSample.iOS", "HMPopupSample\HMPopupSample.iOS\HMPopupSample.iOS.csproj", "{78A1D4A7-63A9-409C-90FB-4C2F6EC6BF34}"
EndProject
Project("{9A19103F-16F7-4668-BE54-9A1E7A4F7556}") = "HMPopupSample", "HMPopupSample\HMPopupSample\HMPopupSample.csproj", "{9D389596-D4F2-4645-8566-CBAC813509E8}"
EndProject
Project("{2150E333-8FDC-42A3-9474-1A3956D46DE8}") = "Solution Items", "Solution Items", "{9EE56328-E290-448D-94B9-94C1388F4D6F}"
	ProjectSection(SolutionItems) = preProject
		README.md = README.md
	EndProjectSection
EndProject
Global
	GlobalSection(SolutionConfigurationPlatforms) = preSolution
		Debug|Any CPU = Debug|Any CPU
		Debug|iPhone = Debug|iPhone
		Debug|iPhoneSimulator = Debug|iPhoneSimulator
		Release|Any CPU = Release|Any CPU
		Release|iPhone = Release|iPhone
		Release|iPhoneSimulator = Release|iPhoneSimulator
	EndGlobalSection
	GlobalSection(ProjectConfigurationPlatforms) = postSolution
		{3A2FD9A0-27C6-44C7-ADAF-F1E29735B148}.Debug|Any CPU.ActiveCfg = Debug|Any CPU
		{3A2FD9A0-27C6-44C7-ADAF-F1E29735B148}.Debug|Any CPU.Build.0 = Debug|Any CPU
		{3A2FD9A0-27C6-44C7-ADAF-F1E29735B148}.Debug|Any CPU.Deploy.0 = Debug|Any CPU
		{3A2FD9A0-27C6-44C7-ADAF-F1E29735B148}.Debug|iPhone.ActiveCfg = Debug|Any CPU
		{3A2FD9A0-27C6-44C7-ADAF-F1E29735B148}.Debug|iPhone.Build.0 = Debug|Any CPU
		{3A2FD9A0-27C6-44C7-ADAF-F1E29735B148}.Debug|iPhoneSimulator.ActiveCfg = Debug|Any CPU
		{3A2FD9A0-27C6-44C7-ADAF-F1E29735B148}.Debug|iPhoneSimulator.Build.0 = Debug|Any CPU
		{3A2FD9A0-27C6-44C7-ADAF-F1E29735B148}.Release|Any CPU.ActiveCfg = Release|Any CPU
		{3A2FD9A0-27C6-44C7-ADAF-F1E29735B148}.Release|Any CPU.Build.0 = Release|Any CPU
		{3A2FD9A0-27C6-44C7-ADAF-F1E29735B148}.Release|Any CPU.Deploy.0 = Release|Any CPU
		{3A2FD9A0-27C6-44C7-ADAF-F1E29735B148}.Release|iPhone.ActiveCfg = Release|Any CPU
		{3A2FD9A0-27C6-44C7-ADAF-F1E29735B148}.Release|iPhone.Build.0 = Release|Any CPU
		{3A2FD9A0-27C6-44C7-ADAF-F1E29735B148}.Release|iPhoneSimulator.ActiveCfg = Release|Any CPU
		{3A2FD9A0-27C6-44C7-ADAF-F1E29735B148}.Release|iPhoneSimulator.Build.0 = Release|Any CPU
		{B92371B7-83AF-4F7F-9CC8-FF471D66D2DB}.Debug|Any CPU.ActiveCfg = Debug|Any CPU
		{B92371B7-83AF-4F7F-9CC8-FF471D66D2DB}.Debug|Any CPU.Build.0 = Debug|Any CPU
		{B92371B7-83AF-4F7F-9CC8-FF471D66D2DB}.Debug|Any CPU.Deploy.0 = Debug|Any CPU
		{B92371B7-83AF-4F7F-9CC8-FF471D66D2DB}.Debug|iPhone.ActiveCfg = Debug|Any CPU
		{B92371B7-83AF-4F7F-9CC8-FF471D66D2DB}.Debug|iPhone.Build.0 = Debug|Any CPU
		{B92371B7-83AF-4F7F-9CC8-FF471D66D2DB}.Debug|iPhone.Deploy.0 = Debug|Any CPU
		{B92371B7-83AF-4F7F-9CC8-FF471D66D2DB}.Debug|iPhoneSimulator.ActiveCfg = Debug|Any CPU
		{B92371B7-83AF-4F7F-9CC8-FF471D66D2DB}.Debug|iPhoneSimulator.Build.0 = Debug|Any CPU
		{B92371B7-83AF-4F7F-9CC8-FF471D66D2DB}.Debug|iPhoneSimulator.Deploy.0 = Debug|Any CPU
		{B92371B7-83AF-4F7F-9CC8-FF471D66D2DB}.Release|Any CPU.ActiveCfg = Release|Any CPU
		{B92371B7-83AF-4F7F-9CC8-FF471D66D2DB}.Release|Any CPU.Build.0 = Release|Any CPU
		{B92371B7-83AF-4F7F-9CC8-FF471D66D2DB}.Release|Any CPU.Deploy.0 = Release|Any CPU
		{B92371B7-83AF-4F7F-9CC8-FF471D66D2DB}.Release|iPhone.ActiveCfg = Release|Any CPU
		{B92371B7-83AF-4F7F-9CC8-FF471D66D2DB}.Release|iPhone.Build.0 = Release|Any CPU
		{B92371B7-83AF-4F7F-9CC8-FF471D66D2DB}.Release|iPhone.Deploy.0 = Release|Any CPU
		{B92371B7-83AF-4F7F-9CC8-FF471D66D2DB}.Release|iPhoneSimulator.ActiveCfg = Release|Any CPU
		{B92371B7-83AF-4F7F-9CC8-FF471D66D2DB}.Release|iPhoneSimulator.Build.0 = Release|Any CPU
		{B92371B7-83AF-4F7F-9CC8-FF471D66D2DB}.Release|iPhoneSimulator.Deploy.0 = Release|Any CPU
		{78A1D4A7-63A9-409C-90FB-4C2F6EC6BF34}.Debug|Any CPU.ActiveCfg = Debug|iPhoneSimulator
		{78A1D4A7-63A9-409C-90FB-4C2F6EC6BF34}.Debug|iPhone.ActiveCfg = Debug|iPhone
		{78A1D4A7-63A9-409C-90FB-4C2F6EC6BF34}.Debug|iPhone.Build.0 = Debug|iPhone
		{78A1D4A7-63A9-409C-90FB-4C2F6EC6BF34}.Debug|iPhoneSimulator.ActiveCfg = Debug|iPhoneSimulator
		{78A1D4A7-63A9-409C-90FB-4C2F6EC6BF34}.Debug|iPhoneSimulator.Build.0 = Debug|iPhoneSimulator
		{78A1D4A7-63A9-409C-90FB-4C2F6EC6BF34}.Release|Any CPU.ActiveCfg = Release|iPhoneSimulator
		{78A1D4A7-63A9-409C-90FB-4C2F6EC6BF34}.Release|iPhone.ActiveCfg = Release|iPhone
		{78A1D4A7-63A9-409C-90FB-4C2F6EC6BF34}.Release|iPhone.Build.0 = Release|iPhone
		{78A1D4A7-63A9-409C-90FB-4C2F6EC6BF34}.Release|iPhoneSimulator.ActiveCfg = Release|iPhoneSimulator
		{78A1D4A7-63A9-409C-90FB-4C2F6EC6BF34}.Release|iPhoneSimulator.Build.0 = Release|iPhoneSimulator
		{9D389596-D4F2-4645-8566-CBAC813509E8}.Debug|Any CPU.ActiveCfg = Debug|Any CPU
		{9D389596-D4F2-4645-8566-CBAC813509E8}.Debug|Any CPU.Build.0 = Debug|Any CPU
		{9D389596-D4F2-4645-8566-CBAC813509E8}.Debug|iPhone.ActiveCfg = Debug|Any CPU
		{9D389596-D4F2-4645-8566-CBAC813509E8}.Debug|iPhone.Build.0 = Debug|Any CPU
		{9D389596-D4F2-4645-8566-CBAC813509E8}.Debug|iPhoneSimulator.ActiveCfg = Debug|Any CPU
		{9D389596-D4F2-4645-8566-CBAC813509E8}.Debug|iPhoneSimulator.Build.0 = Debug|Any CPU
		{9D389596-D4F2-4645-8566-CBAC813509E8}.Release|Any CPU.ActiveCfg = Release|Any CPU
		{9D389596-D4F2-4645-8566-CBAC813509E8}.Release|Any CPU.Build.0 = Release|Any CPU
		{9D389596-D4F2-4645-8566-CBAC813509E8}.Release|iPhone.ActiveCfg = Release|Any CPU
		{9D389596-D4F2-4645-8566-CBAC813509E8}.Release|iPhone.Build.0 = Release|Any CPU
		{9D389596-D4F2-4645-8566-CBAC813509E8}.Release|iPhoneSimulator.ActiveCfg = Release|Any CPU
		{9D389596-D4F2-4645-8566-CBAC813509E8}.Release|iPhoneSimulator.Build.0 = Release|Any CPU
	EndGlobalSection
	GlobalSection(SolutionProperties) = preSolution
		HideSolutionNode = FALSE
	EndGlobalSection
	GlobalSection(ExtensibilityGlobals) = postSolution
		SolutionGuid = {F052B39A-CAB6-4ED0-B9DD-92D1ECCB78CC}
	EndGlobalSection
EndGlobal
